
Microsoft Visual Studio Solution File, Format Version 11.00
# Visual C++ Express 2010
Project("{8BC9CEB8-8B4A-11D0-8D11-00A0C91BC942}") = "HotelReservation", "HotelReservation\HotelReservation.vcxproj", "{B06D30CC-9E68-43CF-AB1A-DA8D8607E06F}"
EndProject
Global
	GlobalSection(SolutionConfigurationPlatforms) = preSolution
		Debug|Win32 = Debug|Win32
		Release|Win32 = Release|Win32
	EndGlobalSection
	GlobalSection(ProjectConfigurationPlatforms) = postSolution
		{B06D30CC-9E68-43CF-AB1A-DA8D8607E06F}.Debug|Win32.ActiveCfg = Debug|Win32
		{B06D30CC-9E68-43CF-AB1A-DA8D8607E06F}.Debug|Win32.Build.0 = Debug|Win32
		{B06D30CC-9E68-43CF-AB1A-DA8D8607E06F}.Release|Win32.ActiveCfg = Release|Win32
		{B06D30CC-9E68-43CF-AB1A-DA8D8607E06F}.Release|Win32.Build.0 = Release|Win32
	EndGlobalSection
	GlobalSection(SolutionProperties) = preSolution
		HideSolutionNode = FALSE
	EndGlobalSection
EndGlobal
